
Microsoft Visual Studio Solution File, Format Version 12.00
# Visual Studio 15
VisualStudioVersion = 15.0.26730.10
MinimumVisualStudioVersion = 10.0.40219.1
Project("{FAE04EC0-301F-11D3-BF4B-00C04F79EFBC}") = "TestCode", "TestCode.csproj", "{9EF08664-2325-417D-9875-DB1C373D34F1}"
EndProject
Project("{E53339B2-1760-4266-BCC7-CA923CBCF16C}") = "docker-compose", "docker-compose.dcproj", "{EBF2BA3C-5037-4485-885E-C96A86BF47AB}"
EndProject
Global
	GlobalSection(SolutionConfigurationPlatforms) = preSolution
		Debug|Any CPU = Debug|Any CPU
		Release|Any CPU = Release|Any CPU
	EndGlobalSection
	GlobalSection(ProjectConfigurationPlatforms) = postSolution
		{9EF08664-2325-417D-9875-DB1C373D34F1}.Debug|Any CPU.ActiveCfg = Debug|Any CPU
		{9EF08664-2325-417D-9875-DB1C373D34F1}.Debug|Any CPU.Build.0 = Debug|Any CPU
		{9EF08664-2325-417D-9875-DB1C373D34F1}.Release|Any CPU.ActiveCfg = Release|Any CPU
		{9EF08664-2325-417D-9875-DB1C373D34F1}.Release|Any CPU.Build.0 = Release|Any CPU
		{EBF2BA3C-5037-4485-885E-C96A86BF47AB}.Debug|Any CPU.ActiveCfg = Debug|Any CPU
		{EBF2BA3C-5037-4485-885E-C96A86BF47AB}.Debug|Any CPU.Build.0 = Debug|Any CPU
		{EBF2BA3C-5037-4485-885E-C96A86BF47AB}.Release|Any CPU.ActiveCfg = Release|Any CPU
		{EBF2BA3C-5037-4485-885E-C96A86BF47AB}.Release|Any CPU.Build.0 = Release|Any CPU
	EndGlobalSection
	GlobalSection(SolutionProperties) = preSolution
		HideSolutionNode = FALSE
	EndGlobalSection
	GlobalSection(ExtensibilityGlobals) = postSolution
		SolutionGuid = {3E59F290-1F96-4E06-8F44-A316269C4CBA}
	EndGlobalSection
EndGlobal
